
Microsoft Visual Studio Solution File, Format Version 12.00
# Visual Studio Version 17
VisualStudioVersion = 17.8.34309.116
MinimumVisualStudioVersion = 10.0.40219.1
Project("{FAE04EC0-301F-11D3-BF4B-00C04F79EFBC}") = "scorecard", "scorecard.csproj", "{D172D603-0E23-47AF-8368-07A209823A8C}"
EndProject
Project("{FAE04EC0-301F-11D3-BF4B-00C04F79EFBC}") = "UdpListner", "..\UdpListner\UdpListner.csproj", "{A758A4F2-43A6-4657-865D-AAA4E6064937}"
EndProject
Global
	GlobalSection(SolutionConfigurationPlatforms) = preSolution
		Debug|Any CPU = Debug|Any CPU
		Release|Any CPU = Release|Any CPU
	EndGlobalSection
	GlobalSection(ProjectConfigurationPlatforms) = postSolution
		{D172D603-0E23-47AF-8368-07A209823A8C}.Debug|Any CPU.ActiveCfg = Debug|Any CPU
		{D172D603-0E23-47AF-8368-07A209823A8C}.Debug|Any CPU.Build.0 = Debug|Any CPU
		{D172D603-0E23-47AF-8368-07A209823A8C}.Release|Any CPU.ActiveCfg = Release|Any CPU
		{D172D603-0E23-47AF-8368-07A209823A8C}.Release|Any CPU.Build.0 = Release|Any CPU
		{A758A4F2-43A6-4657-865D-AAA4E6064937}.Debug|Any CPU.ActiveCfg = Debug|Any CPU
		{A758A4F2-43A6-4657-865D-AAA4E6064937}.Debug|Any CPU.Build.0 = Debug|Any CPU
		{A758A4F2-43A6-4657-865D-AAA4E6064937}.Release|Any CPU.ActiveCfg = Release|Any CPU
		{A758A4F2-43A6-4657-865D-AAA4E6064937}.Release|Any CPU.Build.0 = Release|Any CPU
	EndGlobalSection
	GlobalSection(SolutionProperties) = preSolution
		HideSolutionNode = FALSE
	EndGlobalSection
	GlobalSection(ExtensibilityGlobals) = postSolution
		SolutionGuid = {A45C37BF-BD43-46F4-99B5-8E70B443FFA0}
	EndGlobalSection
EndGlobal
