
Microsoft Visual Studio Solution File, Format Version 12.00
# Visual Studio Version 17
VisualStudioVersion = 17.8.34309.116
MinimumVisualStudioVersion = 10.0.40219.1
Project("{FAE04EC0-301F-11D3-BF4B-00C04F79EFBC}") = "GameUdpSimulator", "GameUdpSimulator\GameUdpSimulator.csproj", "{6D4D9E35-D25A-4A47-BA6D-2D676B5647D4}"
EndProject
Project("{9A19103F-16F7-4668-BE54-9A1E7A4F7556}") = "cardreaderWriter", "ConsoleApp1\cardreaderWriter.csproj", "{0065451E-DD63-44C3-A1C6-546599891401}"
EndProject
Project("{9A19103F-16F7-4668-BE54-9A1E7A4F7556}") = "Lib", "Lib\Lib.csproj", "{BE8F4C3D-22BF-43AE-9DFA-290467B867D9}"
EndProject
Project("{9A19103F-16F7-4668-BE54-9A1E7A4F7556}") = "kiosk", "kiosk\kiosk.csproj", "{245EA10D-2F38-489E-82D7-06797B215C52}"
EndProject
Project("{9A19103F-16F7-4668-BE54-9A1E7A4F7556}") = "importdata", "importdata\importdata.csproj", "{D0F136C8-C277-4049-B098-60FA4C7706A2}"
EndProject
Project("{FAE04EC0-301F-11D3-BF4B-00C04F79EFBC}") = "scorecard", "scorecard\scorecard.csproj", "{D172D603-0E23-47AF-8368-07A209823A8C}"
EndProject
Project("{9A19103F-16F7-4668-BE54-9A1E7A4F7556}") = "PlayerRegistrationKiosk", "PlayerRegistrationKiosk\PlayerRegistrationKiosk.csproj", "{88886AAE-1CCB-4B83-A4FA-F5ACBC95FAFF}"
EndProject
Project("{FAE04EC0-301F-11D3-BF4B-00C04F79EFBC}") = "test", "..\test\test.csproj", "{F81CE15F-A53D-4D62-9E3A-FCDC0331D915}"
EndProject
Global
	GlobalSection(SolutionConfigurationPlatforms) = preSolution
		Debug|Any CPU = Debug|Any CPU
		Release|Any CPU = Release|Any CPU
	EndGlobalSection
	GlobalSection(ProjectConfigurationPlatforms) = postSolution
		{6D4D9E35-D25A-4A47-BA6D-2D676B5647D4}.Debug|Any CPU.ActiveCfg = Debug|Any CPU
		{6D4D9E35-D25A-4A47-BA6D-2D676B5647D4}.Debug|Any CPU.Build.0 = Debug|Any CPU
		{6D4D9E35-D25A-4A47-BA6D-2D676B5647D4}.Release|Any CPU.ActiveCfg = Release|Any CPU
		{6D4D9E35-D25A-4A47-BA6D-2D676B5647D4}.Release|Any CPU.Build.0 = Release|Any CPU
		{0065451E-DD63-44C3-A1C6-546599891401}.Debug|Any CPU.ActiveCfg = Debug|Any CPU
		{0065451E-DD63-44C3-A1C6-546599891401}.Debug|Any CPU.Build.0 = Debug|Any CPU
		{0065451E-DD63-44C3-A1C6-546599891401}.Release|Any CPU.ActiveCfg = Release|Any CPU
		{0065451E-DD63-44C3-A1C6-546599891401}.Release|Any CPU.Build.0 = Release|Any CPU
		{BE8F4C3D-22BF-43AE-9DFA-290467B867D9}.Debug|Any CPU.ActiveCfg = Debug|Any CPU
		{BE8F4C3D-22BF-43AE-9DFA-290467B867D9}.Debug|Any CPU.Build.0 = Debug|Any CPU
		{BE8F4C3D-22BF-43AE-9DFA-290467B867D9}.Release|Any CPU.ActiveCfg = Release|Any CPU
		{BE8F4C3D-22BF-43AE-9DFA-290467B867D9}.Release|Any CPU.Build.0 = Release|Any CPU
		{245EA10D-2F38-489E-82D7-06797B215C52}.Debug|Any CPU.ActiveCfg = Debug|Any CPU
		{245EA10D-2F38-489E-82D7-06797B215C52}.Debug|Any CPU.Build.0 = Debug|Any CPU
		{245EA10D-2F38-489E-82D7-06797B215C52}.Release|Any CPU.ActiveCfg = Release|Any CPU
		{245EA10D-2F38-489E-82D7-06797B215C52}.Release|Any CPU.Build.0 = Release|Any CPU
		{D0F136C8-C277-4049-B098-60FA4C7706A2}.Debug|Any CPU.ActiveCfg = Debug|Any CPU
		{D0F136C8-C277-4049-B098-60FA4C7706A2}.Debug|Any CPU.Build.0 = Debug|Any CPU
		{D0F136C8-C277-4049-B098-60FA4C7706A2}.Release|Any CPU.ActiveCfg = Release|Any CPU
		{D0F136C8-C277-4049-B098-60FA4C7706A2}.Release|Any CPU.Build.0 = Release|Any CPU
		{D172D603-0E23-47AF-8368-07A209823A8C}.Debug|Any CPU.ActiveCfg = Debug|Any CPU
		{D172D603-0E23-47AF-8368-07A209823A8C}.Debug|Any CPU.Build.0 = Debug|Any CPU
		{D172D603-0E23-47AF-8368-07A209823A8C}.Release|Any CPU.ActiveCfg = Release|Any CPU
		{D172D603-0E23-47AF-8368-07A209823A8C}.Release|Any CPU.Build.0 = Release|Any CPU
		{88886AAE-1CCB-4B83-A4FA-F5ACBC95FAFF}.Debug|Any CPU.ActiveCfg = Debug|Any CPU
		{88886AAE-1CCB-4B83-A4FA-F5ACBC95FAFF}.Debug|Any CPU.Build.0 = Debug|Any CPU
		{88886AAE-1CCB-4B83-A4FA-F5ACBC95FAFF}.Release|Any CPU.ActiveCfg = Release|Any CPU
		{88886AAE-1CCB-4B83-A4FA-F5ACBC95FAFF}.Release|Any CPU.Build.0 = Release|Any CPU
		{F81CE15F-A53D-4D62-9E3A-FCDC0331D915}.Debug|Any CPU.ActiveCfg = Debug|Any CPU
		{F81CE15F-A53D-4D62-9E3A-FCDC0331D915}.Debug|Any CPU.Build.0 = Debug|Any CPU
		{F81CE15F-A53D-4D62-9E3A-FCDC0331D915}.Release|Any CPU.ActiveCfg = Release|Any CPU
		{F81CE15F-A53D-4D62-9E3A-FCDC0331D915}.Release|Any CPU.Build.0 = Release|Any CPU
	EndGlobalSection
	GlobalSection(SolutionProperties) = preSolution
		HideSolutionNode = FALSE
	EndGlobalSection
	GlobalSection(ExtensibilityGlobals) = postSolution
		SolutionGuid = {A45C37BF-BD43-46F4-99B5-8E70B443FFA0}
	EndGlobalSection
EndGlobal
