
Microsoft Visual Studio Solution File, Format Version 12.00
# Visual Studio Version 17
VisualStudioVersion = 17.8.34309.116
MinimumVisualStudioVersion = 10.0.40219.1
Project("{FAE04EC0-301F-11D3-BF4B-00C04F79EFBC}") = "GameUdpSimulator", "GameUdpSimulator\GameUdpSimulator.csproj", "{6D4D9E35-D25A-4A47-BA6D-2D676B5647D4}"
EndProject
Project("{9A19103F-16F7-4668-BE54-9A1E7A4F7556}") = "importdata", "importdata\importdata.csproj", "{D0F136C8-C277-4049-B098-60FA4C7706A2}"
EndProject
Project("{FAE04EC0-301F-11D3-BF4B-00C04F79EFBC}") = "scorecard", "scorecard\scorecard.csproj", "{D172D603-0E23-47AF-8368-07A209823A8C}"
EndProject
Project("{9A19103F-16F7-4668-BE54-9A1E7A4F7556}") = "PlayerRegistrationKiosk", "PlayerRegistrationKiosk\PlayerRegistrationKiosk.csproj", "{88886AAE-1CCB-4B83-A4FA-F5ACBC95FAFF}"
EndProject
Project("{FAE04EC0-301F-11D3-BF4B-00C04F79EFBC}") = "POS", "POS\POS.csproj", "{86487B5C-D08B-4691-AFD4-07BF5340ADB4}"
EndProject
Project("{FAE04EC0-301F-11D3-BF4B-00C04F79EFBC}") = "LibNew", "LibNew\LibNew.csproj", "{6F629595-458B-42B8-A329-96C8CBFFBC26}"
EndProject
Project("{9A19103F-16F7-4668-BE54-9A1E7A4F7556}") = "GameRoomScoreboard", "GameRoomScoreboard\GameRoomScoreboard.csproj", "{7EECF65F-D0BE-4609-8588-1D831C9C2010}"
EndProject
Project("{9A19103F-16F7-4668-BE54-9A1E7A4F7556}") = "VoiceDevelopment", "VoiceDevelopment\VoiceDevelopment.csproj", "{5DC400C0-2B30-41DD-B1A1-C5FD4CA9B219}"
EndProject
Project("{FAE04EC0-301F-11D3-BF4B-00C04F79EFBC}") = "test", "test\test.csproj", "{1388CF1E-AA52-4F79-91C9-CB2AECBAA40D}"
EndProject
Project("{FAE04EC0-301F-11D3-BF4B-00C04F79EFBC}") = "serial[port", "serial[port\serial[port.csproj", "{BC9E516C-F3CE-4C89-A7C1-5EA30B8993BA}"
EndProject
Project("{FAE04EC0-301F-11D3-BF4B-00C04F79EFBC}") = "SmartPlug", "SmartPlug\SmartPlug.csproj", "{000066ED-BFDA-45F9-AE6F-C56B003C88A9}"
EndProject
Global
	GlobalSection(SolutionConfigurationPlatforms) = preSolution
		Debug|Any CPU = Debug|Any CPU
		Release|Any CPU = Release|Any CPU
	EndGlobalSection
	GlobalSection(ProjectConfigurationPlatforms) = postSolution
		{6D4D9E35-D25A-4A47-BA6D-2D676B5647D4}.Debug|Any CPU.ActiveCfg = Debug|Any CPU
		{6D4D9E35-D25A-4A47-BA6D-2D676B5647D4}.Debug|Any CPU.Build.0 = Debug|Any CPU
		{6D4D9E35-D25A-4A47-BA6D-2D676B5647D4}.Release|Any CPU.ActiveCfg = Release|Any CPU
		{6D4D9E35-D25A-4A47-BA6D-2D676B5647D4}.Release|Any CPU.Build.0 = Release|Any CPU
		{D0F136C8-C277-4049-B098-60FA4C7706A2}.Debug|Any CPU.ActiveCfg = Debug|Any CPU
		{D0F136C8-C277-4049-B098-60FA4C7706A2}.Debug|Any CPU.Build.0 = Debug|Any CPU
		{D0F136C8-C277-4049-B098-60FA4C7706A2}.Release|Any CPU.ActiveCfg = Release|Any CPU
		{D0F136C8-C277-4049-B098-60FA4C7706A2}.Release|Any CPU.Build.0 = Release|Any CPU
		{D172D603-0E23-47AF-8368-07A209823A8C}.Debug|Any CPU.ActiveCfg = Debug|Any CPU
		{D172D603-0E23-47AF-8368-07A209823A8C}.Debug|Any CPU.Build.0 = Debug|Any CPU
		{D172D603-0E23-47AF-8368-07A209823A8C}.Release|Any CPU.ActiveCfg = Release|Any CPU
		{D172D603-0E23-47AF-8368-07A209823A8C}.Release|Any CPU.Build.0 = Release|Any CPU
		{88886AAE-1CCB-4B83-A4FA-F5ACBC95FAFF}.Debug|Any CPU.ActiveCfg = Debug|Any CPU
		{88886AAE-1CCB-4B83-A4FA-F5ACBC95FAFF}.Debug|Any CPU.Build.0 = Debug|Any CPU
		{88886AAE-1CCB-4B83-A4FA-F5ACBC95FAFF}.Release|Any CPU.ActiveCfg = Release|Any CPU
		{88886AAE-1CCB-4B83-A4FA-F5ACBC95FAFF}.Release|Any CPU.Build.0 = Release|Any CPU
		{86487B5C-D08B-4691-AFD4-07BF5340ADB4}.Debug|Any CPU.ActiveCfg = Debug|Any CPU
		{86487B5C-D08B-4691-AFD4-07BF5340ADB4}.Debug|Any CPU.Build.0 = Debug|Any CPU
		{86487B5C-D08B-4691-AFD4-07BF5340ADB4}.Release|Any CPU.ActiveCfg = Release|Any CPU
		{86487B5C-D08B-4691-AFD4-07BF5340ADB4}.Release|Any CPU.Build.0 = Release|Any CPU
		{6F629595-458B-42B8-A329-96C8CBFFBC26}.Debug|Any CPU.ActiveCfg = Debug|Any CPU
		{6F629595-458B-42B8-A329-96C8CBFFBC26}.Debug|Any CPU.Build.0 = Debug|Any CPU
		{6F629595-458B-42B8-A329-96C8CBFFBC26}.Release|Any CPU.ActiveCfg = Release|Any CPU
		{6F629595-458B-42B8-A329-96C8CBFFBC26}.Release|Any CPU.Build.0 = Release|Any CPU
		{7EECF65F-D0BE-4609-8588-1D831C9C2010}.Debug|Any CPU.ActiveCfg = Debug|Any CPU
		{7EECF65F-D0BE-4609-8588-1D831C9C2010}.Debug|Any CPU.Build.0 = Debug|Any CPU
		{7EECF65F-D0BE-4609-8588-1D831C9C2010}.Release|Any CPU.ActiveCfg = Release|Any CPU
		{7EECF65F-D0BE-4609-8588-1D831C9C2010}.Release|Any CPU.Build.0 = Release|Any CPU
		{5DC400C0-2B30-41DD-B1A1-C5FD4CA9B219}.Debug|Any CPU.ActiveCfg = Debug|Any CPU
		{5DC400C0-2B30-41DD-B1A1-C5FD4CA9B219}.Debug|Any CPU.Build.0 = Debug|Any CPU
		{5DC400C0-2B30-41DD-B1A1-C5FD4CA9B219}.Release|Any CPU.ActiveCfg = Release|Any CPU
		{5DC400C0-2B30-41DD-B1A1-C5FD4CA9B219}.Release|Any CPU.Build.0 = Release|Any CPU
		{1388CF1E-AA52-4F79-91C9-CB2AECBAA40D}.Debug|Any CPU.ActiveCfg = Debug|Any CPU
		{1388CF1E-AA52-4F79-91C9-CB2AECBAA40D}.Debug|Any CPU.Build.0 = Debug|Any CPU
		{1388CF1E-AA52-4F79-91C9-CB2AECBAA40D}.Release|Any CPU.ActiveCfg = Release|Any CPU
		{1388CF1E-AA52-4F79-91C9-CB2AECBAA40D}.Release|Any CPU.Build.0 = Release|Any CPU
		{BC9E516C-F3CE-4C89-A7C1-5EA30B8993BA}.Debug|Any CPU.ActiveCfg = Debug|Any CPU
		{BC9E516C-F3CE-4C89-A7C1-5EA30B8993BA}.Debug|Any CPU.Build.0 = Debug|Any CPU
		{BC9E516C-F3CE-4C89-A7C1-5EA30B8993BA}.Release|Any CPU.ActiveCfg = Release|Any CPU
		{BC9E516C-F3CE-4C89-A7C1-5EA30B8993BA}.Release|Any CPU.Build.0 = Release|Any CPU
		{000066ED-BFDA-45F9-AE6F-C56B003C88A9}.Debug|Any CPU.ActiveCfg = Debug|Any CPU
		{000066ED-BFDA-45F9-AE6F-C56B003C88A9}.Debug|Any CPU.Build.0 = Debug|Any CPU
		{000066ED-BFDA-45F9-AE6F-C56B003C88A9}.Release|Any CPU.ActiveCfg = Release|Any CPU
		{000066ED-BFDA-45F9-AE6F-C56B003C88A9}.Release|Any CPU.Build.0 = Release|Any CPU
	EndGlobalSection
	GlobalSection(SolutionProperties) = preSolution
		HideSolutionNode = FALSE
	EndGlobalSection
	GlobalSection(ExtensibilityGlobals) = postSolution
		SolutionGuid = {A45C37BF-BD43-46F4-99B5-8E70B443FFA0}
	EndGlobalSection
EndGlobal
